
Microsoft Visual Studio Solution File, Format Version 12.00
# Visual Studio Version 16
VisualStudioVersion = 16.0.29709.97
MinimumVisualStudioVersion = 10.0.40219.1
Project("{9A19103F-16F7-4668-BE54-9A1E7A4F7556}") = "OneDAT.Menu", "OneDAT.Menu.csproj", "{9DEE496E-EC99-4F3B-87A5-B1C8EB50011F}"
EndProject
Global
	GlobalSection(SolutionConfigurationPlatforms) = preSolution
		Debug|Any CPU = Debug|Any CPU
		Release|Any CPU = Release|Any CPU
	EndGlobalSection
	GlobalSection(ProjectConfigurationPlatforms) = postSolution
		{9DEE496E-EC99-4F3B-87A5-B1C8EB50011F}.Debug|Any CPU.ActiveCfg = Debug|Any CPU
		{9DEE496E-EC99-4F3B-87A5-B1C8EB50011F}.Debug|Any CPU.Build.0 = Debug|Any CPU
		{9DEE496E-EC99-4F3B-87A5-B1C8EB50011F}.Release|Any CPU.ActiveCfg = Release|Any CPU
		{9DEE496E-EC99-4F3B-87A5-B1C8EB50011F}.Release|Any CPU.Build.0 = Release|Any CPU
	EndGlobalSection
	GlobalSection(SolutionProperties) = preSolution
		HideSolutionNode = FALSE
	EndGlobalSection
	GlobalSection(ExtensibilityGlobals) = postSolution
		SolutionGuid = {0C2F4EC5-8F50-4976-9010-C73AAB7AD05F}
	EndGlobalSection
EndGlobal
